{
  "name": "nodemailer",
  "version": "1.0.0",
  "lockfileVersion": 2,
  "requires": true,
  "packages": {
    "": {
      "name": "nodemailer",
      "version": "1.0.0",
      "license": "ISC",
      "dependencies": {
        "init": "^0.1.2",
        "nodemailer": "^6.8.0"
      },
      "devDependencies": {}
    },
    "node_modules/daemon": {
      "version": "1.1.0",
      "resolved": "https://registry.npmjs.org/daemon/-/daemon-1.1.0.tgz",
      "integrity": "sha512-1vX9YVcP21gt12nSD3SQRC/uPU7fyA6M8qyClTBIFuiRWoylFn57PwXhjBAqRl085bZAje7sILhZU48qcS9SWw==",
      "engines": {
        "node": ">= 0.8.0"
      }
    },
    "node_modules/init": {
      "version": "0.1.2",
      "resolved": "https://registry.npmjs.org/init/-/init-0.1.2.tgz",
      "integrity": "sha512-IvHUjULS2q+BXJdiu4FHkByh3+qSFmkOXQ2ItSfYTtkdUksQc0yNX6f1uDyokzRV71tjpFsFc3ckeYLJXunTGw==",
      "dependencies": {
        "daemon": ">=0.3.0"
      },
      "engines": {
        "node": ">=0.4.7"
      }
    },
    "node_modules/nodemailer": {
      "version": "6.8.0",
      "resolved": "https://registry.npmjs.org/nodemailer/-/nodemailer-6.8.0.tgz",
      "integrity": "sha512-EjYvSmHzekz6VNkNd12aUqAco+bOkRe3Of5jVhltqKhEsjw/y0PYPJfp83+s9Wzh1dspYAkUW/YNQ350NATbSQ==",
      "engines": {
        "node": ">=6.0.0"
      }
    }
  },
  "dependencies": {
    "daemon": {
      "version": "1.1.0",
      "resolved": "https://registry.npmjs.org/daemon/-/daemon-1.1.0.tgz",
      "integrity": "sha512-1vX9YVcP21gt12nSD3SQRC/uPU7fyA6M8qyClTBIFuiRWoylFn57PwXhjBAqRl085bZAje7sILhZU48qcS9SWw=="
    },
    "init": {
      "version": "0.1.2",
      "resolved": "https://registry.npmjs.org/init/-/init-0.1.2.tgz",
      "integrity": "sha512-IvHUjULS2q+BXJdiu4FHkByh3+qSFmkOXQ2ItSfYTtkdUksQc0yNX6f1uDyokzRV71tjpFsFc3ckeYLJXunTGw==",
      "requires": {
        "daemon": ">=0.3.0"
      }
    },
    "nodemailer": {
      "version": "6.8.0",
      "resolved": "https://registry.npmjs.org/nodemailer/-/nodemailer-6.8.0.tgz",
      "integrity": "sha512-EjYvSmHzekz6VNkNd12aUqAco+bOkRe3Of5jVhltqKhEsjw/y0PYPJfp83+s9Wzh1dspYAkUW/YNQ350NATbSQ=="
    }
  }
}
